
Microsoft Visual Studio Solution File, Format Version 12.00
# Visual Studio Version 17
VisualStudioVersion = 17.0.32112.339
MinimumVisualStudioVersion = 10.0.40219.1
Project("{9A19103F-16F7-4668-BE54-9A1E7A4F7556}") = "ATM", "ATM.csproj", "{81082037-9896-41B6-9365-99D6C18D9482}"
EndProject
Project("{2150E333-8FDC-42A3-9474-1A3956D46DE8}") = "Solution Items", "Solution Items", "{739ABFF6-837D-4414-9708-23D70FE96D11}"
	ProjectSection(SolutionItems) = preProject
		.editorconfig = .editorconfig
	EndProjectSection
EndProject
Global
	GlobalSection(SolutionConfigurationPlatforms) = preSolution
		Debug|Any CPU = Debug|Any CPU
		Debug|x86 = Debug|x86
		Release|Any CPU = Release|Any CPU
		Release|x86 = Release|x86
	EndGlobalSection
	GlobalSection(ProjectConfigurationPlatforms) = postSolution
		{81082037-9896-41B6-9365-99D6C18D9482}.Debug|Any CPU.ActiveCfg = Debug|Any CPU
		{81082037-9896-41B6-9365-99D6C18D9482}.Debug|Any CPU.Build.0 = Debug|Any CPU
		{81082037-9896-41B6-9365-99D6C18D9482}.Debug|x86.ActiveCfg = Debug|x86
		{81082037-9896-41B6-9365-99D6C18D9482}.Debug|x86.Build.0 = Debug|x86
		{81082037-9896-41B6-9365-99D6C18D9482}.Release|Any CPU.ActiveCfg = Release|Any CPU
		{81082037-9896-41B6-9365-99D6C18D9482}.Release|Any CPU.Build.0 = Release|Any CPU
		{81082037-9896-41B6-9365-99D6C18D9482}.Release|x86.ActiveCfg = Release|x86
		{81082037-9896-41B6-9365-99D6C18D9482}.Release|x86.Build.0 = Release|x86
	EndGlobalSection
	GlobalSection(SolutionProperties) = preSolution
		HideSolutionNode = FALSE
	EndGlobalSection
	GlobalSection(ExtensibilityGlobals) = postSolution
		SolutionGuid = {7AA6177F-776B-46C1-ADCB-7F8EBCD45DCD}
	EndGlobalSection
EndGlobal
